// !$*UTF8*$!
{
	archiveVersion = 1;
	classes = {
	};
	objectVersion = 50;
	objects = {

/* Begin PBXBuildFile section */
		D8BDF67B251BF99100FB992A /* AppDelegate.swift in Sources */ = {isa = PBXBuildFile; fileRef = D8BDF67A251BF99100FB992A /* AppDelegate.swift */; };
		D8BDF67D251BF99100FB992A /* SceneDelegate.swift in Sources */ = {isa = PBXBuildFile; fileRef = D8BDF67C251BF99100FB992A /* SceneDelegate.swift */; };
		D8BDF682251BF99100FB992A /* Main.storyboard in Resources */ = {isa = PBXBuildFile; fileRef = D8BDF680251BF99100FB992A /* Main.storyboard */; };
		D8BDF684251BF99200FB992A /* Assets.xcassets in Resources */ = {isa = PBXBuildFile; fileRef = D8BDF683251BF99200FB992A /* Assets.xcassets */; };
		D8BDF687251BF99200FB992A /* LaunchScreen.storyboard in Resources */ = {isa = PBXBuildFile; fileRef = D8BDF685251BF99200FB992A /* LaunchScreen.storyboard */; };
		D8BDF68F251BFA2F00FB992A /* MoviesViewController.swift in Sources */ = {isa = PBXBuildFile; fileRef = D8BDF68E251BFA2F00FB992A /* MoviesViewController.swift */; };
/* End PBXBuildFile section */

/* Begin PBXFileReference section */
		D8BDF677251BF99100FB992A /* Flix2.app */ = {isa = PBXFileReference; explicitFileType = wrapper.application; includeInIndex = 0; path = Flix2.app; sourceTree = BUILT_PRODUCTS_DIR; };
		D8BDF67A251BF99100FB992A /* AppDelegate.swift */ = {isa = PBXFileReference; lastKnownFileType = sourcecode.swift; path = AppDelegate.swift; sourceTree = "<group>"; };
		D8BDF67C251BF99100FB992A /* SceneDelegate.swift */ = {isa = PBXFileReference; lastKnownFileType = sourcecode.swift; path = SceneDelegate.swift; sourceTree = "<group>"; };
		D8BDF681251BF99100FB992A /* Base */ = {isa = PBXFileReference; lastKnownFileType = file.storyboard; name = Base; path = Base.lproj/Main.storyboard; sourceTree = "<group>"; };
		D8BDF683251BF99200FB992A /* Assets.xcassets */ = {isa = PBXFileReference; lastKnownFileType = folder.assetcatalog; path = Assets.xcassets; sourceTree = "<group>"; };
		D8BDF686251BF99200FB992A /* Base */ = {isa = PBXFileReference; lastKnownFileType = file.storyboard; name = Base; path = Base.lproj/LaunchScreen.storyboard; sourceTree = "<group>"; };
		D8BDF688251BF99200FB992A /* Info.plist */ = {isa = PBXFileReference; lastKnownFileType = text.plist.xml; path = Info.plist; sourceTree = "<group>"; };
		D8BDF68E251BFA2F00FB992A /* MoviesViewController.swift */ = {isa = PBXFileReference; lastKnownFileType = sourcecode.swift; path = MoviesViewController.swift; sourceTree = "<group>"; };
/* End PBXFileReference section */

/* Begin PBXFrameworksBuildPhase section */
		D8BDF674251BF99100FB992A /* Frameworks */ = {
			isa = PBXFrameworksBuildPhase;
			buildActionMask = 2147483647;
			files = (
			);
			runOnlyForDeploymentPostprocessing = 0;
		};
/* End PBXFrameworksBuildPhase section */

/* Begin PBXGroup section */
		D8BDF66E251BF99100FB992A = {
			isa = PBXGroup;
			children = (
				D8BDF679251BF99100FB992A /* Flix2 */,
				D8BDF678251BF99100FB992A /* Products */,
			);
			sourceTree = "<group>";
		};
		D8BDF678251BF99100FB992A /* Products */ = {
			isa = PBXGroup;
			children = (
				D8BDF677251BF99100FB992A /* Flix2.app */,
			);
			name = Products;
			sourceTree = "<group>";
		};
		D8BDF679251BF99100FB992A /* Flix2 */ = {
			isa = PBXGroup;
			children = (
				D8BDF67A251BF99100FB992A /* AppDelegate.swift */,
				D8BDF67C251BF99100FB992A /* SceneDelegate.swift */,
				D8BDF680251BF99100FB992A /* Main.storyboard */,
				D8BDF683251BF99200FB992A /* Assets.xcassets */,
				D8BDF685251BF99200FB992A /* LaunchScreen.storyboard */,
				D8BDF688251BF99200FB992A /* Info.plist */,
				D8BDF68E251BFA2F00FB992A /* MoviesViewController.swift */,
			);
			path = Flix2;
			sourceTree = "<group>";
		};
/* End PBXGroup section */

/* Begin PBXNativeTarget section */
		D8BDF676251BF99100FB992A /* Flix2 */ = {
			isa = PBXNativeTarget;
			buildConfigurationList = D8BDF68B251BF99200FB992A /* Build configuration list for PBXNativeTarget "Flix2" */;
			buildPhases = (
				D8BDF673251BF99100FB992A /* Sources */,
				D8BDF674251BF99100FB992A /* Frameworks */,
				D8BDF675251BF99100FB992A /* Resources */,
			);
			buildRules = (
			);
			dependencies = (
			);
			name = Flix2;
			productName = Flix2;
			productReference = D8BDF677251BF99100FB992A /* Flix2.app */;
			productType = "com.apple.product-type.application";
		};
/* End PBXNativeTarget section */

/* Begin PBXProject section */
		D8BDF66F251BF99100FB992A /* Project object */ = {
			isa = PBXProject;
			attributes = {
				LastSwiftUpdateCheck = 1150;
				LastUpgradeCheck = 1150;
				ORGANIZATIONNAME = developer;
				TargetAttributes = {
					D8BDF676251BF99100FB992A = {
						CreatedOnToolsVersion = 11.5;
					};
				};
			};
			buildConfigurationList = D8BDF672251BF99100FB992A /* Build configuration list for PBXProject "Flix2" */;
			compatibilityVersion = "Xcode 9.3";
			developmentRegion = en;
			hasScannedForEncodings = 0;
			knownRegions = (
				en,
				Base,
			);
			mainGroup = D8BDF66E251BF99100FB992A;
			productRefGroup = D8BDF678251BF99100FB992A /* Products */;
			projectDirPath = "";
			projectRoot = "";
			targets = (
				D8BDF676251BF99100FB992A /* Flix2 */,
			);
		};
/* End PBXProject section */

/* Begin PBXResourcesBuildPhase section */
		D8BDF675251BF99100FB992A /* Resources */ = {
			isa = PBXResourcesBuildPhase;
			buildActionMask = 2147483647;
			files = (
				D8BDF687251BF99200FB992A /* LaunchScreen.storyboard in Resources */,
				D8BDF684251BF99200FB992A /* Assets.xcassets in Resources */,
				D8BDF682251BF99100FB992A /* Main.storyboard in Resources */,
			);
			runOnlyForDeploymentPostprocessing = 0;
		};
/* End PBXResourcesBuildPhase section */

/* Begin PBXSourcesBuildPhase section */
		D8BDF673251BF99100FB992A /* Sources */ = {
			isa = PBXSourcesBuildPhase;
			buildActionMask = 2147483647;
			files = (
				D8BDF67B251BF99100FB992A /* AppDelegate.swift in Sources */,
				D8BDF67D251BF99100FB992A /* SceneDelegate.swift in Sources */,
				D8BDF68F251BFA2F00FB992A /* MoviesViewController.swift in Sources */,
			);
			runOnlyForDeploymentPostprocessing = 0;
		};
/* End PBXSourcesBuildPhase section */

/* Begin PBXVariantGroup section */
		D8BDF680251BF99100FB992A /* Main.storyboard */ = {
			isa = PBXVariantGroup;
			children = (
				D8BDF681251BF99100FB992A /* Base */,
			);
			name = Main.storyboard;
			sourceTree = "<group>";
		};
		D8BDF685251BF99200FB992A /* LaunchScreen.storyboard */ = {
			isa = PBXVariantGroup;
			children = (
				D8BDF686251BF99200FB992A /* Base */,
			);
			name = LaunchScreen.storyboard;
			sourceTree = "<group>";
		};
/* End PBXVariantGroup section */

/* Begin XCBuildConfiguration section */
		D8BDF689251BF99200FB992A /* Debug */ = {
			isa = XCBuildConfiguration;
			buildSettings = {
				ALWAYS_SEARCH_USER_PATHS = NO;
				CLANG_ANALYZER_NONNULL = YES;
				CLANG_ANALYZER_NUMBER_OBJECT_CONVERSION = YES_AGGRESSIVE;
				CLANG_CXX_LANGUAGE_STANDARD = "gnu++14";
				CLANG_CXX_LIBRARY = "libc++";
				CLANG_ENABLE_MODULES = YES;
				CLANG_ENABLE_OBJC_ARC = YES;
				CLANG_ENABLE_OBJC_WEAK = YES;
				CLANG_WARN_BLOCK_CAPTURE_AUTORELEASING = YES;
				CLANG_WARN_BOOL_CONVERSION = YES;
				CLANG_WARN_COMMA = YES;
				CLANG_WARN_CONSTANT_CONVERSION = YES;
				CLANG_WARN_DEPRECATED_OBJC_IMPLEMENTATIONS = YES;
				CLANG_WARN_DIRECT_OBJC_ISA_USAGE = YES_ERROR;
				CLANG_WARN_DOCUMENTATION_COMMENTS = YES;
				CLANG_WARN_EMPTY_BODY = YES;
				CLANG_WARN_ENUM_CONVERSION = YES;
				CLANG_WARN_INFINITE_RECURSION = YES;
				CLANG_WARN_INT_CONVERSION = YES;
				CLANG_WARN_NON_LITERAL_NULL_CONVERSION = YES;
				CLANG_WARN_OBJC_IMPLICIT_RETAIN_SELF = YES;
				CLANG_WARN_OBJC_LITERAL_CONVERSION = YES;
				CLANG_WARN_OBJC_ROOT_CLASS = YES_ERROR;
				CLANG_WARN_RANGE_LOOP_ANALYSIS = YES;
				CLANG_WARN_STRICT_PROTOTYPES = YES;
				CLANG_WARN_SUSPICIOUS_MOVE = YES;
				CLANG_WARN_UNGUARDED_AVAILABILITY = YES_AGGRESSIVE;
				CLANG_WARN_UNREACHABLE_CODE = YES;
				CLANG_WARN__DUPLICATE_METHOD_MATCH = YES;
				COPY_PHASE_STRIP = NO;
				DEBUG_INFORMATION_FORMAT = dwarf;
				ENABLE_STRICT_OBJC_MSGSEND = YES;
				ENABLE_TESTABILITY = YES;
				GCC_C_LANGUAGE_STANDARD = gnu11;
				GCC_DYNAMIC_NO_PIC = NO;
				GCC_NO_COMMON_BLOCKS = YES;
				GCC_OPTIMIZATION_LEVEL = 0;
				GCC_PREPROCESSOR_DEFINITIONS = (
					"DEBUG=1",
					"$(inherited)",
				);
				GCC_WARN_64_TO_32_BIT_CONVERSION = YES;
				GCC_WARN_ABOUT_RETURN_TYPE = YES_ERROR;
				GCC_WARN_UNDECLARED_SELECTOR = YES;
				GCC_WARN_UNINITIALIZED_AUTOS = YES_AGGRESSIVE;
				GCC_WARN_UNUSED_FUNCTION = YES;
				GCC_WARN_UNUSED_VARIABLE = YES;
				IPHONEOS_DEPLOYMENT_TARGET = 13.5;
				MTL_ENABLE_DEBUG_INFO = INCLUDE_SOURCE;
				MTL_FAST_MATH = YES;
				ONLY_ACTIVE_ARCH = YES;
				SDKROOT = iphoneos;
				SWIFT_ACTIVE_COMPILATION_CONDITIONS = DEBUG;
				SWIFT_OPTIMIZATION_LEVEL = "-Onone";
			};
			name = Debug;
		};
		D8BDF68A251BF99200FB992A /* Release */ = {
			isa = XCBuildConfiguration;
			buildSettings = {
				ALWAYS_SEARCH_USER_PATHS = NO;
				CLANG_ANALYZER_NONNULL = YES;
				CLANG_ANALYZER_NUMBER_OBJECT_CONVERSION = YES_AGGRESSIVE;
				CLANG_CXX_LANGUAGE_STANDARD = "gnu++14";
				CLANG_CXX_LIBRARY = "libc++";
				CLANG_ENABLE_MODULES = YES;
				CLANG_ENABLE_OBJC_ARC = YES;
				CLANG_ENABLE_OBJC_WEAK = YES;
				CLANG_WARN_BLOCK_CAPTURE_AUTORELEASING = YES;
				CLANG_WARN_BOOL_CONVERSION = YES;
				CLANG_WARN_COMMA = YES;
				CLANG_WARN_CONSTANT_CONVERSION = YES;
				CLANG_WARN_DEPRECATED_OBJC_IMPLEMENTATIONS = YES;
				CLANG_WARN_DIRECT_OBJC_ISA_USAGE = YES_ERROR;
				CLANG_WARN_DOCUMENTATION_COMMENTS = YES;
				CLANG_WARN_EMPTY_BODY = YES;
				CLANG_WARN_ENUM_CONVERSION = YES;
				CLANG_WARN_INFINITE_RECURSION = YES;
				CLANG_WARN_INT_CONVERSION = YES;
				CLANG_WARN_NON_LITERAL_NULL_CONVERSION = YES;
				CLANG_WARN_OBJC_IMPLICIT_RETAIN_SELF = YES;
				CLANG_WARN_OBJC_LITERAL_CONVERSION = YES;
				CLANG_WARN_OBJC_ROOT_CLASS = YES_ERROR;
				CLANG_WARN_RANGE_LOOP_ANALYSIS = YES;
				CLANG_WARN_STRICT_PROTOTYPES = YES;
				CLANG_WARN_SUSPICIOUS_MOVE = YES;
				CLANG_WARN_UNGUARDED_AVAILABILITY = YES_AGGRESSIVE;
				CLANG_WARN_UNREACHABLE_CODE = YES;
				CLANG_WARN__DUPLICATE_METHOD_MATCH = YES;
				COPY_PHASE_STRIP = NO;
				DEBUG_INFORMATION_FORMAT = "dwarf-with-dsym";
				ENABLE_NS_ASSERTIONS = NO;
				ENABLE_STRICT_OBJC_MSGSEND = YES;
				GCC_C_LANGUAGE_STANDARD = gnu11;
				GCC_NO_COMMON_BLOCKS = YES;
				GCC_WARN_64_TO_32_BIT_CONVERSION = YES;
				GCC_WARN_ABOUT_RETURN_TYPE = YES_ERROR;
				GCC_WARN_UNDECLARED_SELECTOR = YES;
				GCC_WARN_UNINITIALIZED_AUTOS = YES_AGGRESSIVE;
				GCC_WARN_UNUSED_FUNCTION = YES;
				GCC_WARN_UNUSED_VARIABLE = YES;
				IPHONEOS_DEPLOYMENT_TARGET = 13.5;
				MTL_ENABLE_DEBUG_INFO = NO;
				MTL_FAST_MATH = YES;
				SDKROOT = iphoneos;
				SWIFT_COMPILATION_MODE = wholemodule;
				SWIFT_OPTIMIZATION_LEVEL = "-O";
				VALIDATE_PRODUCT = YES;
			};
			name = Release;
		};
		D8BDF68C251BF99200FB992A /* Debug */ = {
			isa = XCBuildConfiguration;
			buildSettings = {
				ASSETCATALOG_COMPILER_APPICON_NAME = AppIcon;
				CODE_SIGN_STYLE = Automatic;
				DEVELOPMENT_TEAM = D2PDUBC3D3;
				INFOPLIST_FILE = Flix2/Info.plist;
				LD_RUNPATH_SEARCH_PATHS = (
					"$(inherited)",
					"@executable_path/Frameworks",
				);
				PRODUCT_BUNDLE_IDENTIFIER = com.developer.Flix2;
				PRODUCT_NAME = "$(TARGET_NAME)";
				SWIFT_VERSION = 5.0;
				TARGETED_DEVICE_FAMILY = "1,2";
			};
			name = Debug;
		};
		D8BDF68D251BF99200FB992A /* Release */ = {
			isa = XCBuildConfiguration;
			buildSettings = {
				ASSETCATALOG_COMPILER_APPICON_NAME = AppIcon;
				CODE_SIGN_STYLE = Automatic;
				DEVELOPMENT_TEAM = D2PDUBC3D3;
				INFOPLIST_FILE = Flix2/Info.plist;
				LD_RUNPATH_SEARCH_PATHS = (
					"$(inherited)",
					"@executable_path/Frameworks",
				);
				PRODUCT_BUNDLE_IDENTIFIER = com.developer.Flix2;
				PRODUCT_NAME = "$(TARGET_NAME)";
				SWIFT_VERSION = 5.0;
				TARGETED_DEVICE_FAMILY = "1,2";
			};
			name = Release;
		};
/* End XCBuildConfiguration section */

/* Begin XCConfigurationList section */
		D8BDF672251BF99100FB992A /* Build configuration list for PBXProject "Flix2" */ = {
			isa = XCConfigurationList;
			buildConfigurations = (
				D8BDF689251BF99200FB992A /* Debug */,
				D8BDF68A251BF99200FB992A /* Release */,
			);
			defaultConfigurationIsVisible = 0;
			defaultConfigurationName = Release;
		};
		D8BDF68B251BF99200FB992A /* Build configuration list for PBXNativeTarget "Flix2" */ = {
			isa = XCConfigurationList;
			buildConfigurations = (
				D8BDF68C251BF99200FB992A /* Debug */,
				D8BDF68D251BF99200FB992A /* Release */,
			);
			defaultConfigurationIsVisible = 0;
			defaultConfigurationName = Release;
		};
/* End XCConfigurationList section */
	};
	rootObject = D8BDF66F251BF99100FB992A /* Project object */;
}
